Microsoft Visual Studio Solution File, Format Version 11.00
# Visual Studio 2008

Project("{E97B4BBE-C191-1202-5E82-3F1CB9845742}") = "Assignment #2", "Assembly-CSharp-vs.csproj", "{01103EBF-B9B6-8984-1FCB-74551D8A78BC}"
EndProject
Global
	GlobalSection(SolutionConfigurationPlatforms) = preSolution
		Debug|Any CPU = Debug|Any CPU
		Release|Any CPU = Release|Any CPU
	EndGlobalSection
	GlobalSection(ProjectConfigurationPlatforms) = postSolution
		{01103EBF-B9B6-8984-1FCB-74551D8A78BC}.Debug|Any CPU.ActiveCfg = Debug|Any CPU
		{01103EBF-B9B6-8984-1FCB-74551D8A78BC}.Debug|Any CPU.Build.0 = Debug|Any CPU
		{01103EBF-B9B6-8984-1FCB-74551D8A78BC}.Release|Any CPU.ActiveCfg = Release|Any CPU
		{01103EBF-B9B6-8984-1FCB-74551D8A78BC}.Release|Any CPU.Build.0 = Release|Any CPU
	EndGlobalSection
	GlobalSection(SolutionProperties) = preSolution
		HideSolutionNode = FALSE
	EndGlobalSection
				GlobalSection(MonoDevelopProperties) = preSolution
		StartupItem = Assembly-CSharp.csproj
		Policies = $0
		$0.TextStylePolicy = $1
		$1.inheritsSet = null
		$1.scope = text/x-csharp
		$0.CSharpFormattingPolicy = $2
		$2.inheritsSet = Mono
		$2.inheritsScope = text/x-csharp
		$2.scope = text/x-csharp
		$0.TextStylePolicy = $3
		$3.FileWidth = 120
		$3.TabWidth = 4
		$3.EolMarker = Unix
		$3.inheritsSet = Mono
		$3.inheritsScope = text/plain
		$3.scope = text/plain
	EndGlobalSection

EndGlobal
